
Microsoft Visual Studio Solution File, Format Version 12.00
# Visual Studio 15
VisualStudioVersion = 15.0.27703.2042
MinimumVisualStudioVersion = 10.0.40219.1
Project("{FAE04EC0-301F-11D3-BF4B-00C04F79EFBC}") = "WApiReminder", "WApiReminder\WApiReminder.csproj", "{05552E06-BCF4-4B03-9406-C86CADC5D6F1}"
EndProject
Project("{FAE04EC0-301F-11D3-BF4B-00C04F79EFBC}") = "WApiReminder.Tests", "WApiReminder.Tests\WApiReminder.Tests.csproj", "{834F3310-0BCF-4615-92A1-3F4031536564}"
EndProject
Global
	GlobalSection(SolutionConfigurationPlatforms) = preSolution
		Debug|Any CPU = Debug|Any CPU
		Release|Any CPU = Release|Any CPU
	EndGlobalSection
	GlobalSection(ProjectConfigurationPlatforms) = postSolution
		{05552E06-BCF4-4B03-9406-C86CADC5D6F1}.Debug|Any CPU.ActiveCfg = Debug|Any CPU
		{05552E06-BCF4-4B03-9406-C86CADC5D6F1}.Debug|Any CPU.Build.0 = Debug|Any CPU
		{05552E06-BCF4-4B03-9406-C86CADC5D6F1}.Release|Any CPU.ActiveCfg = Release|Any CPU
		{05552E06-BCF4-4B03-9406-C86CADC5D6F1}.Release|Any CPU.Build.0 = Release|Any CPU
		{834F3310-0BCF-4615-92A1-3F4031536564}.Debug|Any CPU.ActiveCfg = Debug|Any CPU
		{834F3310-0BCF-4615-92A1-3F4031536564}.Debug|Any CPU.Build.0 = Debug|Any CPU
		{834F3310-0BCF-4615-92A1-3F4031536564}.Release|Any CPU.ActiveCfg = Release|Any CPU
		{834F3310-0BCF-4615-92A1-3F4031536564}.Release|Any CPU.Build.0 = Release|Any CPU
	EndGlobalSection
	GlobalSection(SolutionProperties) = preSolution
		HideSolutionNode = FALSE
	EndGlobalSection
	GlobalSection(ExtensibilityGlobals) = postSolution
		SolutionGuid = {96854A54-1A40-40E9-B1FF-896EA0FC5782}
	EndGlobalSection
EndGlobal
